
Microsoft Visual Studio Solution File, Format Version 12.00
# Visual Studio Version 16
VisualStudioVersion = 16.0.32228.343
MinimumVisualStudioVersion = 10.0.40219.1
Project("{FAE04EC0-301F-11D3-BF4B-00C04F79EFBC}") = "Multiple File Uploading ASP.NET MVC", "Multiple File Uploading ASP.NET MVC\Multiple File Uploading ASP.NET MVC.csproj", "{452FAD69-FF1D-4E98-8D71-2821A87183BD}"
EndProject
Global
	GlobalSection(SolutionConfigurationPlatforms) = preSolution
		Debug|Any CPU = Debug|Any CPU
		Release|Any CPU = Release|Any CPU
	EndGlobalSection
	GlobalSection(ProjectConfigurationPlatforms) = postSolution
		{452FAD69-FF1D-4E98-8D71-2821A87183BD}.Debug|Any CPU.ActiveCfg = Debug|Any CPU
		{452FAD69-FF1D-4E98-8D71-2821A87183BD}.Debug|Any CPU.Build.0 = Debug|Any CPU
		{452FAD69-FF1D-4E98-8D71-2821A87183BD}.Release|Any CPU.ActiveCfg = Release|Any CPU
		{452FAD69-FF1D-4E98-8D71-2821A87183BD}.Release|Any CPU.Build.0 = Release|Any CPU
	EndGlobalSection
	GlobalSection(SolutionProperties) = preSolution
		HideSolutionNode = FALSE
	EndGlobalSection
	GlobalSection(ExtensibilityGlobals) = postSolution
		SolutionGuid = {8D3B26B2-2960-40A1-A5B4-97A8DA99F6BA}
	EndGlobalSection
EndGlobal
